
Microsoft Visual Studio Solution File, Format Version 12.00
# Visual Studio Version 16
VisualStudioVersion = 16.0.31729.503
MinimumVisualStudioVersion = 10.0.40219.1
Project("{FAE04EC0-301F-11D3-BF4B-00C04F79EFBC}") = "Bdd_Fleur_Demare_Delgado", "Bdd_Fleur_Demare_Delgado.csproj", "{526E1C65-04A8-4527-8DFF-CD4A207C34F4}"
EndProject
Global
	GlobalSection(SolutionConfigurationPlatforms) = preSolution
		Debug|Any CPU = Debug|Any CPU
		Release|Any CPU = Release|Any CPU
	EndGlobalSection
	GlobalSection(ProjectConfigurationPlatforms) = postSolution
		{526E1C65-04A8-4527-8DFF-CD4A207C34F4}.Debug|Any CPU.ActiveCfg = Debug|Any CPU
		{526E1C65-04A8-4527-8DFF-CD4A207C34F4}.Debug|Any CPU.Build.0 = Debug|Any CPU
		{526E1C65-04A8-4527-8DFF-CD4A207C34F4}.Release|Any CPU.ActiveCfg = Release|Any CPU
		{526E1C65-04A8-4527-8DFF-CD4A207C34F4}.Release|Any CPU.Build.0 = Release|Any CPU
	EndGlobalSection
	GlobalSection(SolutionProperties) = preSolution
		HideSolutionNode = FALSE
	EndGlobalSection
	GlobalSection(ExtensibilityGlobals) = postSolution
		SolutionGuid = {0430DD73-B261-46DD-BB3C-FB38578A1973}
	EndGlobalSection
EndGlobal
